github.com/apitalist/lang v1.2.0 h1:Q+oDadzw/XHmlrqg4pwPDQHxn8cCjTWb/416+1YY5CA=
github.com/apitalist/lang v1.2.0/go.mod h1:vT75vepFpQ4cwR97PjQL/bS+1RbCOgI0T1f9wz+HbgI=
github.com/apitalist/lang v1.2.1 h1:Dp9dWdIqeIGmfsoB7/ViV0Q4ahSSoxbraZoSxdeVhJI=
github.com/apitalist/lang v1.2.1/go.mod h1:vT75vepFpQ4cwR97PjQL/bS+1RbCOgI0T1f9wz+HbgI=
